
Microsoft Visual Studio Solution File, Format Version 12.00
# Visual Studio 2015
Project("{FAE04EC0-301F-11D3-BF4B-00C04F79EFBC}") = "Hololens Prototype.CSharp", "Hololens Prototype.CSharp.csproj", "{93C6CF37-C3F9-CA91-0634-8076FE70863D}"
EndProject
Global
	GlobalSection(SolutionConfigurationPlatforms) = preSolution
		Debug|Any CPU = Debug|Any CPU
		Release|Any CPU = Release|Any CPU
	EndGlobalSection
	GlobalSection(ProjectConfigurationPlatforms) = postSolution
		{93C6CF37-C3F9-CA91-0634-8076FE70863D}.Debug|Any CPU.ActiveCfg = Debug|Any CPU
		{93C6CF37-C3F9-CA91-0634-8076FE70863D}.Debug|Any CPU.Build.0 = Debug|Any CPU
		{93C6CF37-C3F9-CA91-0634-8076FE70863D}.Release|Any CPU.ActiveCfg = Release|Any CPU
		{93C6CF37-C3F9-CA91-0634-8076FE70863D}.Release|Any CPU.Build.0 = Release|Any CPU
	EndGlobalSection
	GlobalSection(SolutionProperties) = preSolution
		HideSolutionNode = FALSE
	EndGlobalSection
EndGlobal
